
Microsoft Visual Studio Solution File, Format Version 12.00
# Visual Studio Version 16
VisualStudioVersion = 16.0.32228.343
MinimumVisualStudioVersion = 10.0.40219.1
Project("{8BC9CEB8-8B4A-11D0-8D11-00A0C91BC942}") = "vector", "vector\vector.vcxproj", "{FC6CE284-43A0-4123-9000-FEFC3DE032D0}"
EndProject
Project("{8BC9CEB8-8B4A-11D0-8D11-00A0C91BC942}") = "html_decode", "html_decode\html_decode.vcxproj", "{DC26D237-1F8A-4D2B-BD0E-7A8F50A3DC84}"
EndProject
Project("{8BC9CEB8-8B4A-11D0-8D11-00A0C91BC942}") = "html_decode_lib", "html_decode\html_decode_lib\html_decode_lib.vcxproj", "{6D1F2C95-C6AB-41BE-B5F3-BA016A548B03}"
EndProject
Project("{8BC9CEB8-8B4A-11D0-8D11-00A0C91BC942}") = "html_decode_tests", "html_decode\html_decode_tests\html_decode_tests.vcxproj", "{EAEE0964-0291-4FA9-8AA4-F482CF9FE1BD}"
EndProject
Project("{8BC9CEB8-8B4A-11D0-8D11-00A0C91BC942}") = "vector_lib", "vector\vector_lib\vector_lib.vcxproj", "{7E9A8AA7-9210-4736-8B4B-E7E72A894D19}"
EndProject
Project("{8BC9CEB8-8B4A-11D0-8D11-00A0C91BC942}") = "vector_tests", "vector\vector_tests\vector_tests.vcxproj", "{174144BB-62EB-466C-91F2-CA98DB40CC38}"
EndProject
Project("{8BC9CEB8-8B4A-11D0-8D11-00A0C91BC942}") = "mini_dictionary", "mini_dictionary\mini_dictionary.vcxproj", "{C8AA885C-1CEF-4CE5-91BA-3AB87C1F1365}"
EndProject
Project("{8BC9CEB8-8B4A-11D0-8D11-00A0C91BC942}") = "prime_numbers", "prime_numbers\prime_numbers.vcxproj", "{98C274C4-2253-418B-A908-517595C96565}"
EndProject
Project("{8BC9CEB8-8B4A-11D0-8D11-00A0C91BC942}") = "prime_numbers_lib", "prime_numbers\prime_numbers_lib\prime_numbers_lib.vcxproj", "{A4006C60-69DD-478C-A6DF-3F0D483C49E7}"
EndProject
Project("{8BC9CEB8-8B4A-11D0-8D11-00A0C91BC942}") = "prime_numbers_tests", "prime_numbers\prime_numbers_tests\prime_numbers_tests.vcxproj", "{ACDB8D31-56B8-431F-BAFB-1A4414ABAC6A}"
EndProject
Project("{8BC9CEB8-8B4A-11D0-8D11-00A0C91BC942}") = "mini_dictionary_lib", "mini_dictionary\mini_dictionary_lib\mini_dictionary_lib.vcxproj", "{2E9FE224-9FD7-4FAC-B729-9F5F828E87C3}"
EndProject
Project("{8BC9CEB8-8B4A-11D0-8D11-00A0C91BC942}") = "mini_dictionary_tests", "mini_dictionary\mini_dictionary_tests\mini_dictionary_tests.vcxproj", "{87AA3EAD-8F2F-4767-A98B-B7FC3F115941}"
EndProject
Project("{8BC9CEB8-8B4A-11D0-8D11-00A0C91BC942}") = "url_parser", "url_parser\url_parser.vcxproj", "{D20EC73A-A562-46C1-8134-0E91947531A2}"
EndProject
Global
	GlobalSection(SolutionConfigurationPlatforms) = preSolution
		Debug|x64 = Debug|x64
		Debug|x86 = Debug|x86
		Release|x64 = Release|x64
		Release|x86 = Release|x86
	EndGlobalSection
	GlobalSection(ProjectConfigurationPlatforms) = postSolution
		{FC6CE284-43A0-4123-9000-FEFC3DE032D0}.Debug|x64.ActiveCfg = Debug|x64
		{FC6CE284-43A0-4123-9000-FEFC3DE032D0}.Debug|x64.Build.0 = Debug|x64
		{FC6CE284-43A0-4123-9000-FEFC3DE032D0}.Debug|x86.ActiveCfg = Debug|Win32
		{FC6CE284-43A0-4123-9000-FEFC3DE032D0}.Debug|x86.Build.0 = Debug|Win32
		{FC6CE284-43A0-4123-9000-FEFC3DE032D0}.Release|x64.ActiveCfg = Release|x64
		{FC6CE284-43A0-4123-9000-FEFC3DE032D0}.Release|x64.Build.0 = Release|x64
		{FC6CE284-43A0-4123-9000-FEFC3DE032D0}.Release|x86.ActiveCfg = Release|Win32
		{FC6CE284-43A0-4123-9000-FEFC3DE032D0}.Release|x86.Build.0 = Release|Win32
		{DC26D237-1F8A-4D2B-BD0E-7A8F50A3DC84}.Debug|x64.ActiveCfg = Debug|x64
		{DC26D237-1F8A-4D2B-BD0E-7A8F50A3DC84}.Debug|x64.Build.0 = Debug|x64
		{DC26D237-1F8A-4D2B-BD0E-7A8F50A3DC84}.Debug|x86.ActiveCfg = Debug|Win32
		{DC26D237-1F8A-4D2B-BD0E-7A8F50A3DC84}.Debug|x86.Build.0 = Debug|Win32
		{DC26D237-1F8A-4D2B-BD0E-7A8F50A3DC84}.Release|x64.ActiveCfg = Release|x64
		{DC26D237-1F8A-4D2B-BD0E-7A8F50A3DC84}.Release|x64.Build.0 = Release|x64
		{DC26D237-1F8A-4D2B-BD0E-7A8F50A3DC84}.Release|x86.ActiveCfg = Release|Win32
		{DC26D237-1F8A-4D2B-BD0E-7A8F50A3DC84}.Release|x86.Build.0 = Release|Win32
		{6D1F2C95-C6AB-41BE-B5F3-BA016A548B03}.Debug|x64.ActiveCfg = Debug|x64
		{6D1F2C95-C6AB-41BE-B5F3-BA016A548B03}.Debug|x64.Build.0 = Debug|x64
		{6D1F2C95-C6AB-41BE-B5F3-BA016A548B03}.Debug|x86.ActiveCfg = Debug|Win32
		{6D1F2C95-C6AB-41BE-B5F3-BA016A548B03}.Debug|x86.Build.0 = Debug|Win32
		{6D1F2C95-C6AB-41BE-B5F3-BA016A548B03}.Release|x64.ActiveCfg = Release|x64
		{6D1F2C95-C6AB-41BE-B5F3-BA016A548B03}.Release|x64.Build.0 = Release|x64
		{6D1F2C95-C6AB-41BE-B5F3-BA016A548B03}.Release|x86.ActiveCfg = Release|Win32
		{6D1F2C95-C6AB-41BE-B5F3-BA016A548B03}.Release|x86.Build.0 = Release|Win32
		{EAEE0964-0291-4FA9-8AA4-F482CF9FE1BD}.Debug|x64.ActiveCfg = Debug|x64
		{EAEE0964-0291-4FA9-8AA4-F482CF9FE1BD}.Debug|x64.Build.0 = Debug|x64
		{EAEE0964-0291-4FA9-8AA4-F482CF9FE1BD}.Debug|x86.ActiveCfg = Debug|Win32
		{EAEE0964-0291-4FA9-8AA4-F482CF9FE1BD}.Debug|x86.Build.0 = Debug|Win32
		{EAEE0964-0291-4FA9-8AA4-F482CF9FE1BD}.Release|x64.ActiveCfg = Release|x64
		{EAEE0964-0291-4FA9-8AA4-F482CF9FE1BD}.Release|x64.Build.0 = Release|x64
		{EAEE0964-0291-4FA9-8AA4-F482CF9FE1BD}.Release|x86.ActiveCfg = Release|Win32
		{EAEE0964-0291-4FA9-8AA4-F482CF9FE1BD}.Release|x86.Build.0 = Release|Win32
		{7E9A8AA7-9210-4736-8B4B-E7E72A894D19}.Debug|x64.ActiveCfg = Debug|x64
		{7E9A8AA7-9210-4736-8B4B-E7E72A894D19}.Debug|x64.Build.0 = Debug|x64
		{7E9A8AA7-9210-4736-8B4B-E7E72A894D19}.Debug|x86.ActiveCfg = Debug|Win32
		{7E9A8AA7-9210-4736-8B4B-E7E72A894D19}.Debug|x86.Build.0 = Debug|Win32
		{7E9A8AA7-9210-4736-8B4B-E7E72A894D19}.Release|x64.ActiveCfg = Release|x64
		{7E9A8AA7-9210-4736-8B4B-E7E72A894D19}.Release|x64.Build.0 = Release|x64
		{7E9A8AA7-9210-4736-8B4B-E7E72A894D19}.Release|x86.ActiveCfg = Release|Win32
		{7E9A8AA7-9210-4736-8B4B-E7E72A894D19}.Release|x86.Build.0 = Release|Win32
		{174144BB-62EB-466C-91F2-CA98DB40CC38}.Debug|x64.ActiveCfg = Debug|x64
		{174144BB-62EB-466C-91F2-CA98DB40CC38}.Debug|x64.Build.0 = Debug|x64
		{174144BB-62EB-466C-91F2-CA98DB40CC38}.Debug|x86.ActiveCfg = Debug|Win32
		{174144BB-62EB-466C-91F2-CA98DB40CC38}.Debug|x86.Build.0 = Debug|Win32
		{174144BB-62EB-466C-91F2-CA98DB40CC38}.Release|x64.ActiveCfg = Release|x64
		{174144BB-62EB-466C-91F2-CA98DB40CC38}.Release|x64.Build.0 = Release|x64
		{174144BB-62EB-466C-91F2-CA98DB40CC38}.Release|x86.ActiveCfg = Release|Win32
		{174144BB-62EB-466C-91F2-CA98DB40CC38}.Release|x86.Build.0 = Release|Win32
		{C8AA885C-1CEF-4CE5-91BA-3AB87C1F1365}.Debug|x64.ActiveCfg = Debug|x64
		{C8AA885C-1CEF-4CE5-91BA-3AB87C1F1365}.Debug|x64.Build.0 = Debug|x64
		{C8AA885C-1CEF-4CE5-91BA-3AB87C1F1365}.Debug|x86.ActiveCfg = Debug|Win32
		{C8AA885C-1CEF-4CE5-91BA-3AB87C1F1365}.Debug|x86.Build.0 = Debug|Win32
		{C8AA885C-1CEF-4CE5-91BA-3AB87C1F1365}.Release|x64.ActiveCfg = Release|x64
		{C8AA885C-1CEF-4CE5-91BA-3AB87C1F1365}.Release|x64.Build.0 = Release|x64
		{C8AA885C-1CEF-4CE5-91BA-3AB87C1F1365}.Release|x86.ActiveCfg = Release|Win32
		{C8AA885C-1CEF-4CE5-91BA-3AB87C1F1365}.Release|x86.Build.0 = Release|Win32
		{98C274C4-2253-418B-A908-517595C96565}.Debug|x64.ActiveCfg = Debug|x64
		{98C274C4-2253-418B-A908-517595C96565}.Debug|x64.Build.0 = Debug|x64
		{98C274C4-2253-418B-A908-517595C96565}.Debug|x86.ActiveCfg = Debug|Win32
		{98C274C4-2253-418B-A908-517595C96565}.Debug|x86.Build.0 = Debug|Win32
		{98C274C4-2253-418B-A908-517595C96565}.Release|x64.ActiveCfg = Release|x64
		{98C274C4-2253-418B-A908-517595C96565}.Release|x64.Build.0 = Release|x64
		{98C274C4-2253-418B-A908-517595C96565}.Release|x86.ActiveCfg = Release|Win32
		{98C274C4-2253-418B-A908-517595C96565}.Release|x86.Build.0 = Release|Win32
		{A4006C60-69DD-478C-A6DF-3F0D483C49E7}.Debug|x64.ActiveCfg = Debug|x64
		{A4006C60-69DD-478C-A6DF-3F0D483C49E7}.Debug|x64.Build.0 = Debug|x64
		{A4006C60-69DD-478C-A6DF-3F0D483C49E7}.Debug|x86.ActiveCfg = Debug|Win32
		{A4006C60-69DD-478C-A6DF-3F0D483C49E7}.Debug|x86.Build.0 = Debug|Win32
		{A4006C60-69DD-478C-A6DF-3F0D483C49E7}.Release|x64.ActiveCfg = Release|x64
		{A4006C60-69DD-478C-A6DF-3F0D483C49E7}.Release|x64.Build.0 = Release|x64
		{A4006C60-69DD-478C-A6DF-3F0D483C49E7}.Release|x86.ActiveCfg = Release|Win32
		{A4006C60-69DD-478C-A6DF-3F0D483C49E7}.Release|x86.Build.0 = Release|Win32
		{ACDB8D31-56B8-431F-BAFB-1A4414ABAC6A}.Debug|x64.ActiveCfg = Debug|x64
		{ACDB8D31-56B8-431F-BAFB-1A4414ABAC6A}.Debug|x64.Build.0 = Debug|x64
		{ACDB8D31-56B8-431F-BAFB-1A4414ABAC6A}.Debug|x86.ActiveCfg = Debug|Win32
		{ACDB8D31-56B8-431F-BAFB-1A4414ABAC6A}.Debug|x86.Build.0 = Debug|Win32
		{ACDB8D31-56B8-431F-BAFB-1A4414ABAC6A}.Release|x64.ActiveCfg = Release|x64
		{ACDB8D31-56B8-431F-BAFB-1A4414ABAC6A}.Release|x64.Build.0 = Release|x64
		{ACDB8D31-56B8-431F-BAFB-1A4414ABAC6A}.Release|x86.ActiveCfg = Release|Win32
		{ACDB8D31-56B8-431F-BAFB-1A4414ABAC6A}.Release|x86.Build.0 = Release|Win32
		{2E9FE224-9FD7-4FAC-B729-9F5F828E87C3}.Debug|x64.ActiveCfg = Debug|x64
		{2E9FE224-9FD7-4FAC-B729-9F5F828E87C3}.Debug|x64.Build.0 = Debug|x64
		{2E9FE224-9FD7-4FAC-B729-9F5F828E87C3}.Debug|x86.ActiveCfg = Debug|Win32
		{2E9FE224-9FD7-4FAC-B729-9F5F828E87C3}.Debug|x86.Build.0 = Debug|Win32
		{2E9FE224-9FD7-4FAC-B729-9F5F828E87C3}.Release|x64.ActiveCfg = Release|x64
		{2E9FE224-9FD7-4FAC-B729-9F5F828E87C3}.Release|x64.Build.0 = Release|x64
		{2E9FE224-9FD7-4FAC-B729-9F5F828E87C3}.Release|x86.ActiveCfg = Release|Win32
		{2E9FE224-9FD7-4FAC-B729-9F5F828E87C3}.Release|x86.Build.0 = Release|Win32
		{87AA3EAD-8F2F-4767-A98B-B7FC3F115941}.Debug|x64.ActiveCfg = Debug|x64
		{87AA3EAD-8F2F-4767-A98B-B7FC3F115941}.Debug|x64.Build.0 = Debug|x64
		{87AA3EAD-8F2F-4767-A98B-B7FC3F115941}.Debug|x86.ActiveCfg = Debug|Win32
		{87AA3EAD-8F2F-4767-A98B-B7FC3F115941}.Debug|x86.Build.0 = Debug|Win32
		{87AA3EAD-8F2F-4767-A98B-B7FC3F115941}.Release|x64.ActiveCfg = Release|x64
		{87AA3EAD-8F2F-4767-A98B-B7FC3F115941}.Release|x64.Build.0 = Release|x64
		{87AA3EAD-8F2F-4767-A98B-B7FC3F115941}.Release|x86.ActiveCfg = Release|Win32
		{87AA3EAD-8F2F-4767-A98B-B7FC3F115941}.Release|x86.Build.0 = Release|Win32
		{D20EC73A-A562-46C1-8134-0E91947531A2}.Debug|x64.ActiveCfg = Debug|x64
		{D20EC73A-A562-46C1-8134-0E91947531A2}.Debug|x64.Build.0 = Debug|x64
		{D20EC73A-A562-46C1-8134-0E91947531A2}.Debug|x86.ActiveCfg = Debug|Win32
		{D20EC73A-A562-46C1-8134-0E91947531A2}.Debug|x86.Build.0 = Debug|Win32
		{D20EC73A-A562-46C1-8134-0E91947531A2}.Release|x64.ActiveCfg = Release|x64
		{D20EC73A-A562-46C1-8134-0E91947531A2}.Release|x64.Build.0 = Release|x64
		{D20EC73A-A562-46C1-8134-0E91947531A2}.Release|x86.ActiveCfg = Release|Win32
		{D20EC73A-A562-46C1-8134-0E91947531A2}.Release|x86.Build.0 = Release|Win32
	EndGlobalSection
	GlobalSection(SolutionProperties) = preSolution
		HideSolutionNode = FALSE
	EndGlobalSection
	GlobalSection(ExtensibilityGlobals) = postSolution
		SolutionGuid = {CE029726-E374-491E-B3A2-4D7F2569B7F4}
	EndGlobalSection
EndGlobal
